
Microsoft Visual Studio Solution File, Format Version 12.00
# Visual Studio Version 18
VisualStudioVersion = 18.3.11505.172
MinimumVisualStudioVersion = 10.0.40219.1
Project("{FAE04EC0-301F-11D3-BF4B-00C04F79EFBC}") = "SIRG.Domain", "SIRG.Domain\SIRG.Domain.csproj", "{04B78BB1-2F27-4E2C-BD1C-A332E62B84EB}"
EndProject
Project("{FAE04EC0-301F-11D3-BF4B-00C04F79EFBC}") = "SIRG.Persistences", "SIRG.Persistences\SIRG.Persistences.csproj", "{504D4D35-E68E-4FDA-89B9-15628CD87D88}"
EndProject
Project("{FAE04EC0-301F-11D3-BF4B-00C04F79EFBC}") = "SIRG.IOC", "SIRG.IOC\SIRG.IOC.csproj", "{09CEF450-0E2C-43A6-9D5E-478F77991182}"
EndProject
Project("{FAE04EC0-301F-11D3-BF4B-00C04F79EFBC}") = "SIRG.Application", "SIRG.Application\SIRG.Application.csproj", "{C4C1AF1A-9323-457F-B4A2-9D032EFB1DFD}"
EndProject
Project("{2150E333-8FDC-42A3-9474-1A3956D46DE8}") = "source", "source", "{02EA681E-C7D8-13C7-8484-4AC65E1B71E8}"
EndProject
Project("{2150E333-8FDC-42A3-9474-1A3956D46DE8}") = "Application", "Application", "{D8DFAD5E-1347-4910-B382-59008787D6D9}"
EndProject
Project("{2150E333-8FDC-42A3-9474-1A3956D46DE8}") = "Domain", "Domain", "{BF8CCFDE-9AAF-4001-ABA9-CCEE1D3EE075}"
EndProject
Project("{2150E333-8FDC-42A3-9474-1A3956D46DE8}") = "Infraestructure", "Infraestructure", "{8D931532-0D21-428E-AD98-65C641FF503B}"
EndProject
Project("{2150E333-8FDC-42A3-9474-1A3956D46DE8}") = "presentation", "presentation", "{A2DA7E50-610B-4826-A040-FFDF769EDDAE}"
EndProject
Project("{2150E333-8FDC-42A3-9474-1A3956D46DE8}") = "WebApp", "WebApp", "{5FF9657E-8109-4658-81FF-D567EAE81BE9}"
EndProject
Project("{FAE04EC0-301F-11D3-BF4B-00C04F79EFBC}") = "SIRG.Identity", "SIRG.Identity\SIRG.Identity.csproj", "{1BC6DE15-47B8-4C04-B5F4-BF45393AE0A4}"
EndProject
Project("{FAE04EC0-301F-11D3-BF4B-00C04F79EFBC}") = "SIRG.Shared", "SIRG.Shared\SIRG.Shared.csproj", "{FEF880B3-28E3-455F-ADC3-AD7E82D711A0}"
EndProject
Project("{54A90642-561A-4BB1-A94E-469ADEE60C69}") = "sirg.client", "SIRG\sirg.client\sirg.client.esproj", "{CE7B1D17-572F-36AA-57F7-F05DD8131595}"
EndProject
Project("{FAE04EC0-301F-11D3-BF4B-00C04F79EFBC}") = "SIRG.Server", "SIRG\SIRG.Server\SIRG.Server.csproj", "{EFC2BDBD-F521-433E-A9C7-DD6B1A4CE49F}"
EndProject
Global
	GlobalSection(SolutionConfigurationPlatforms) = preSolution
		Debug|Any CPU = Debug|Any CPU
		Release|Any CPU = Release|Any CPU
	EndGlobalSection
	GlobalSection(ProjectConfigurationPlatforms) = postSolution
		{04B78BB1-2F27-4E2C-BD1C-A332E62B84EB}.Debug|Any CPU.ActiveCfg = Debug|Any CPU
		{04B78BB1-2F27-4E2C-BD1C-A332E62B84EB}.Debug|Any CPU.Build.0 = Debug|Any CPU
		{04B78BB1-2F27-4E2C-BD1C-A332E62B84EB}.Release|Any CPU.ActiveCfg = Release|Any CPU
		{04B78BB1-2F27-4E2C-BD1C-A332E62B84EB}.Release|Any CPU.Build.0 = Release|Any CPU
		{504D4D35-E68E-4FDA-89B9-15628CD87D88}.Debug|Any CPU.ActiveCfg = Debug|Any CPU
		{504D4D35-E68E-4FDA-89B9-15628CD87D88}.Debug|Any CPU.Build.0 = Debug|Any CPU
		{504D4D35-E68E-4FDA-89B9-15628CD87D88}.Release|Any CPU.ActiveCfg = Release|Any CPU
		{504D4D35-E68E-4FDA-89B9-15628CD87D88}.Release|Any CPU.Build.0 = Release|Any CPU
		{09CEF450-0E2C-43A6-9D5E-478F77991182}.Debug|Any CPU.ActiveCfg = Debug|Any CPU
		{09CEF450-0E2C-43A6-9D5E-478F77991182}.Debug|Any CPU.Build.0 = Debug|Any CPU
		{09CEF450-0E2C-43A6-9D5E-478F77991182}.Release|Any CPU.ActiveCfg = Release|Any CPU
		{09CEF450-0E2C-43A6-9D5E-478F77991182}.Release|Any CPU.Build.0 = Release|Any CPU
		{C4C1AF1A-9323-457F-B4A2-9D032EFB1DFD}.Debug|Any CPU.ActiveCfg = Debug|Any CPU
		{C4C1AF1A-9323-457F-B4A2-9D032EFB1DFD}.Debug|Any CPU.Build.0 = Debug|Any CPU
		{C4C1AF1A-9323-457F-B4A2-9D032EFB1DFD}.Release|Any CPU.ActiveCfg = Release|Any CPU
		{C4C1AF1A-9323-457F-B4A2-9D032EFB1DFD}.Release|Any CPU.Build.0 = Release|Any CPU
		{1BC6DE15-47B8-4C04-B5F4-BF45393AE0A4}.Debug|Any CPU.ActiveCfg = Debug|Any CPU
		{1BC6DE15-47B8-4C04-B5F4-BF45393AE0A4}.Debug|Any CPU.Build.0 = Debug|Any CPU
		{1BC6DE15-47B8-4C04-B5F4-BF45393AE0A4}.Release|Any CPU.ActiveCfg = Release|Any CPU
		{1BC6DE15-47B8-4C04-B5F4-BF45393AE0A4}.Release|Any CPU.Build.0 = Release|Any CPU
		{FEF880B3-28E3-455F-ADC3-AD7E82D711A0}.Debug|Any CPU.ActiveCfg = Debug|Any CPU
		{FEF880B3-28E3-455F-ADC3-AD7E82D711A0}.Debug|Any CPU.Build.0 = Debug|Any CPU
		{FEF880B3-28E3-455F-ADC3-AD7E82D711A0}.Release|Any CPU.ActiveCfg = Release|Any CPU
		{FEF880B3-28E3-455F-ADC3-AD7E82D711A0}.Release|Any CPU.Build.0 = Release|Any CPU
		{CE7B1D17-572F-36AA-57F7-F05DD8131595}.Debug|Any CPU.ActiveCfg = Debug|Any CPU
		{CE7B1D17-572F-36AA-57F7-F05DD8131595}.Debug|Any CPU.Build.0 = Debug|Any CPU
		{CE7B1D17-572F-36AA-57F7-F05DD8131595}.Debug|Any CPU.Deploy.0 = Debug|Any CPU
		{CE7B1D17-572F-36AA-57F7-F05DD8131595}.Release|Any CPU.ActiveCfg = Release|Any CPU
		{CE7B1D17-572F-36AA-57F7-F05DD8131595}.Release|Any CPU.Build.0 = Release|Any CPU
		{CE7B1D17-572F-36AA-57F7-F05DD8131595}.Release|Any CPU.Deploy.0 = Release|Any CPU
		{EFC2BDBD-F521-433E-A9C7-DD6B1A4CE49F}.Debug|Any CPU.ActiveCfg = Debug|Any CPU
		{EFC2BDBD-F521-433E-A9C7-DD6B1A4CE49F}.Debug|Any CPU.Build.0 = Debug|Any CPU
		{EFC2BDBD-F521-433E-A9C7-DD6B1A4CE49F}.Release|Any CPU.ActiveCfg = Release|Any CPU
		{EFC2BDBD-F521-433E-A9C7-DD6B1A4CE49F}.Release|Any CPU.Build.0 = Release|Any CPU
	EndGlobalSection
	GlobalSection(SolutionProperties) = preSolution
		HideSolutionNode = FALSE
	EndGlobalSection
	GlobalSection(NestedProjects) = preSolution
		{04B78BB1-2F27-4E2C-BD1C-A332E62B84EB} = {BF8CCFDE-9AAF-4001-ABA9-CCEE1D3EE075}
		{504D4D35-E68E-4FDA-89B9-15628CD87D88} = {8D931532-0D21-428E-AD98-65C641FF503B}
		{09CEF450-0E2C-43A6-9D5E-478F77991182} = {8D931532-0D21-428E-AD98-65C641FF503B}
		{C4C1AF1A-9323-457F-B4A2-9D032EFB1DFD} = {D8DFAD5E-1347-4910-B382-59008787D6D9}
		{D8DFAD5E-1347-4910-B382-59008787D6D9} = {02EA681E-C7D8-13C7-8484-4AC65E1B71E8}
		{BF8CCFDE-9AAF-4001-ABA9-CCEE1D3EE075} = {02EA681E-C7D8-13C7-8484-4AC65E1B71E8}
		{8D931532-0D21-428E-AD98-65C641FF503B} = {02EA681E-C7D8-13C7-8484-4AC65E1B71E8}
		{A2DA7E50-610B-4826-A040-FFDF769EDDAE} = {02EA681E-C7D8-13C7-8484-4AC65E1B71E8}
		{5FF9657E-8109-4658-81FF-D567EAE81BE9} = {A2DA7E50-610B-4826-A040-FFDF769EDDAE}
		{1BC6DE15-47B8-4C04-B5F4-BF45393AE0A4} = {8D931532-0D21-428E-AD98-65C641FF503B}
		{FEF880B3-28E3-455F-ADC3-AD7E82D711A0} = {8D931532-0D21-428E-AD98-65C641FF503B}
		{CE7B1D17-572F-36AA-57F7-F05DD8131595} = {5FF9657E-8109-4658-81FF-D567EAE81BE9}
		{EFC2BDBD-F521-433E-A9C7-DD6B1A4CE49F} = {5FF9657E-8109-4658-81FF-D567EAE81BE9}
	EndGlobalSection
	GlobalSection(ExtensibilityGlobals) = postSolution
		SolutionGuid = {90782812-53AE-497C-8807-8F163FC4A53F}
	EndGlobalSection
EndGlobal
